
Microsoft Visual Studio Solution File, Format Version 12.00
# Visual Studio 2012
Project("{FAE04EC0-301F-11D3-BF4B-00C04F79EFBC}") = "MSTestAllureAdapter", "MSTestAllureAdapter\MSTestAllureAdapter.csproj", "{9CED0C38-BCEB-4BFC-9294-38455758A461}"
EndProject
Project("{FAE04EC0-301F-11D3-BF4B-00C04F79EFBC}") = "AllureCSharpCommons", "allure-csharp-commons\AllureCSharpCommons\AllureCSharpCommons.csproj", "{0C358997-150B-4752-8B69-8B174167D730}"
EndProject
Global
	GlobalSection(SolutionConfigurationPlatforms) = preSolution
		Debug|Any CPU = Debug|Any CPU
		Release|Any CPU = Release|Any CPU
	EndGlobalSection
	GlobalSection(ProjectConfigurationPlatforms) = postSolution
		{0C358997-150B-4752-8B69-8B174167D730}.Debug|Any CPU.ActiveCfg = Debug|Any CPU
		{0C358997-150B-4752-8B69-8B174167D730}.Debug|Any CPU.Build.0 = Debug|Any CPU
		{0C358997-150B-4752-8B69-8B174167D730}.Release|Any CPU.ActiveCfg = Release|Any CPU
		{0C358997-150B-4752-8B69-8B174167D730}.Release|Any CPU.Build.0 = Release|Any CPU
		{9CED0C38-BCEB-4BFC-9294-38455758A461}.Debug|Any CPU.ActiveCfg = Debug|Any CPU
		{9CED0C38-BCEB-4BFC-9294-38455758A461}.Debug|Any CPU.Build.0 = Debug|Any CPU
		{9CED0C38-BCEB-4BFC-9294-38455758A461}.Release|Any CPU.ActiveCfg = Release|Any CPU
		{9CED0C38-BCEB-4BFC-9294-38455758A461}.Release|Any CPU.Build.0 = Release|Any CPU
	EndGlobalSection
	GlobalSection(MonoDevelopProperties) = preSolution
		StartupItem = MSTestAllureAdapter\MSTestAllureAdapter.csproj
	EndGlobalSection
EndGlobal
